
Microsoft Visual Studio Solution File, Format Version 12.00
# Visual Studio Version 17
VisualStudioVersion = 17.1.32421.90
MinimumVisualStudioVersion = 10.0.40219.1
Project("{FAE04EC0-301F-11D3-BF4B-00C04F79EFBC}") = "IntroOefening", "IntroOefening\IntroOefening.csproj", "{D5FFB68D-2EB7-4E60-B8D1-B1368BC9CB38}"
EndProject
Global
	GlobalSection(SolutionConfigurationPlatforms) = preSolution
		Debug|Any CPU = Debug|Any CPU
		Release|Any CPU = Release|Any CPU
	EndGlobalSection
	GlobalSection(ProjectConfigurationPlatforms) = postSolution
		{D5FFB68D-2EB7-4E60-B8D1-B1368BC9CB38}.Debug|Any CPU.ActiveCfg = Debug|Any CPU
		{D5FFB68D-2EB7-4E60-B8D1-B1368BC9CB38}.Debug|Any CPU.Build.0 = Debug|Any CPU
		{D5FFB68D-2EB7-4E60-B8D1-B1368BC9CB38}.Release|Any CPU.ActiveCfg = Release|Any CPU
		{D5FFB68D-2EB7-4E60-B8D1-B1368BC9CB38}.Release|Any CPU.Build.0 = Release|Any CPU
	EndGlobalSection
	GlobalSection(SolutionProperties) = preSolution
		HideSolutionNode = FALSE
	EndGlobalSection
	GlobalSection(ExtensibilityGlobals) = postSolution
		SolutionGuid = {A9FCBAE0-2533-4C57-BB36-48D811B667A9}
	EndGlobalSection
EndGlobal
