
Microsoft Visual Studio Solution File, Format Version 12.00
# Visual Studio Version 17
VisualStudioVersion = 17.1.32421.90
MinimumVisualStudioVersion = 10.0.40219.1
Project("{FAE04EC0-301F-11D3-BF4B-00C04F79EFBC}") = "OefeningSpecialList", "OefeningSpecialList\OefeningSpecialList.csproj", "{9B64283E-7440-420D-89F2-C872AAFA07BA}"
EndProject
Global
	GlobalSection(SolutionConfigurationPlatforms) = preSolution
		Debug|Any CPU = Debug|Any CPU
		Release|Any CPU = Release|Any CPU
	EndGlobalSection
	GlobalSection(ProjectConfigurationPlatforms) = postSolution
		{9B64283E-7440-420D-89F2-C872AAFA07BA}.Debug|Any CPU.ActiveCfg = Debug|Any CPU
		{9B64283E-7440-420D-89F2-C872AAFA07BA}.Debug|Any CPU.Build.0 = Debug|Any CPU
		{9B64283E-7440-420D-89F2-C872AAFA07BA}.Release|Any CPU.ActiveCfg = Release|Any CPU
		{9B64283E-7440-420D-89F2-C872AAFA07BA}.Release|Any CPU.Build.0 = Release|Any CPU
	EndGlobalSection
	GlobalSection(SolutionProperties) = preSolution
		HideSolutionNode = FALSE
	EndGlobalSection
	GlobalSection(ExtensibilityGlobals) = postSolution
		SolutionGuid = {318186AF-311F-468A-BD38-CC9EB430851D}
	EndGlobalSection
EndGlobal
