
Microsoft Visual Studio Solution File, Format Version 12.00
# Visual Studio Version 17
VisualStudioVersion = 17.0.31903.59
MinimumVisualStudioVersion = 10.0.40219.1
Project("{FAE04EC0-301F-11D3-BF4B-00C04F79EFBC}") = "MyTodoList", "MyTodoList\MyTodoList.csproj", "{58291EE7-48EB-4BF3-B95F-F3E9659A789D}"
EndProject
Global
	GlobalSection(SolutionConfigurationPlatforms) = preSolution
		Debug|Any CPU = Debug|Any CPU
		Release|Any CPU = Release|Any CPU
	EndGlobalSection
	GlobalSection(ProjectConfigurationPlatforms) = postSolution
		{58291EE7-48EB-4BF3-B95F-F3E9659A789D}.Debug|Any CPU.ActiveCfg = Debug|Any CPU
		{58291EE7-48EB-4BF3-B95F-F3E9659A789D}.Debug|Any CPU.Build.0 = Debug|Any CPU
		{58291EE7-48EB-4BF3-B95F-F3E9659A789D}.Release|Any CPU.ActiveCfg = Release|Any CPU
		{58291EE7-48EB-4BF3-B95F-F3E9659A789D}.Release|Any CPU.Build.0 = Release|Any CPU
	EndGlobalSection
	GlobalSection(SolutionProperties) = preSolution
		HideSolutionNode = FALSE
	EndGlobalSection
	GlobalSection(ExtensibilityGlobals) = postSolution
		SolutionGuid = {C7BC228A-6974-4243-83EF-ABBD1C2D7C72}
	EndGlobalSection
EndGlobal
